
Microsoft Visual Studio Solution File, Format Version 12.00
# Visual Studio Version 17
VisualStudioVersion = 17.5.002.0
MinimumVisualStudioVersion = 10.0.40219.1
Project("{9A19103F-16F7-4668-BE54-9A1E7A4F7556}") = "learning", "learning\learning.csproj", "{79D4523A-BC73-4C41-881D-4D89D60BEA78}"
EndProject
Global
	GlobalSection(SolutionConfigurationPlatforms) = preSolution
		Debug|Any CPU = Debug|Any CPU
		Release|Any CPU = Release|Any CPU
	EndGlobalSection
	GlobalSection(ProjectConfigurationPlatforms) = postSolution
		{79D4523A-BC73-4C41-881D-4D89D60BEA78}.Debug|Any CPU.ActiveCfg = Debug|Any CPU
		{79D4523A-BC73-4C41-881D-4D89D60BEA78}.Debug|Any CPU.Build.0 = Debug|Any CPU
		{79D4523A-BC73-4C41-881D-4D89D60BEA78}.Release|Any CPU.ActiveCfg = Release|Any CPU
		{79D4523A-BC73-4C41-881D-4D89D60BEA78}.Release|Any CPU.Build.0 = Release|Any CPU
	EndGlobalSection
	GlobalSection(SolutionProperties) = preSolution
		HideSolutionNode = FALSE
	EndGlobalSection
	GlobalSection(ExtensibilityGlobals) = postSolution
		SolutionGuid = {FC19DD60-0889-4311-BE28-9C081F119B22}
	EndGlobalSection
EndGlobal
